// !$*UTF8*$!
{
	archiveVersion = 1;
	classes = {
	};
	objectVersion = 46;
	objects = {

/* Begin PBXBuildFile section */
		889F3EDC1A2FB4A200260595 /* AppDelegate.swift in Sources */ = {isa = PBXBuildFile; fileRef = 889F3EDB1A2FB4A200260595 /* AppDelegate.swift */; };
		889F3EDE1A2FB4A200260595 /* ViewController.swift in Sources */ = {isa = PBXBuildFile; fileRef = 889F3EDD1A2FB4A200260595 /* ViewController.swift */; };
		889F3EE11A2FB4A200260595 /* Main.storyboard in Resources */ = {isa = PBXBuildFile; fileRef = 889F3EDF1A2FB4A200260595 /* Main.storyboard */; };
		889F3EE31A2FB4A200260595 /* Images.xcassets in Resources */ = {isa = PBXBuildFile; fileRef = 889F3EE21A2FB4A200260595 /* Images.xcassets */; };
		889F3EEF1A2FB4A200260595 /* PostCardTests.swift in Sources */ = {isa = PBXBuildFile; fileRef = 889F3EEE1A2FB4A200260595 /* PostCardTests.swift */; };
		889F3EFD1A31092200260595 /* StateSelector.swift in Sources */ = {isa = PBXBuildFile; fileRef = 889F3EFC1A31092200260595 /* StateSelector.swift */; };
/* End PBXBuildFile section */

/* Begin PBXContainerItemProxy section */
		889F3EE91A2FB4A200260595 /* PBXContainerItemProxy */ = {
			isa = PBXContainerItemProxy;
			containerPortal = 889F3ECE1A2FB4A100260595 /* Project object */;
			proxyType = 1;
			remoteGlobalIDString = 889F3ED51A2FB4A200260595;
			remoteInfo = PostCard;
		};
/* End PBXContainerItemProxy section */

/* Begin PBXFileReference section */
		889F3ED61A2FB4A200260595 /* PostCard.app */ = {isa = PBXFileReference; explicitFileType = wrapper.application; includeInIndex = 0; path = PostCard.app; sourceTree = BUILT_PRODUCTS_DIR; };
		889F3EDA1A2FB4A200260595 /* Info.plist */ = {isa = PBXFileReference; lastKnownFileType = text.plist.xml; path = Info.plist; sourceTree = "<group>"; };
		889F3EDB1A2FB4A200260595 /* AppDelegate.swift */ = {isa = PBXFileReference; lastKnownFileType = sourcecode.swift; path = AppDelegate.swift; sourceTree = "<group>"; };
		889F3EDD1A2FB4A200260595 /* ViewController.swift */ = {isa = PBXFileReference; lastKnownFileType = sourcecode.swift; path = ViewController.swift; sourceTree = "<group>"; };
		889F3EE01A2FB4A200260595 /* Base */ = {isa = PBXFileReference; lastKnownFileType = file.storyboard; name = Base; path = Base.lproj/Main.storyboard; sourceTree = "<group>"; };
		889F3EE21A2FB4A200260595 /* Images.xcassets */ = {isa = PBXFileReference; lastKnownFileType = folder.assetcatalog; path = Images.xcassets; sourceTree = "<group>"; };
		889F3EE81A2FB4A200260595 /* PostCardTests.xctest */ = {isa = PBXFileReference; explicitFileType = wrapper.cfbundle; includeInIndex = 0; path = PostCardTests.xctest; sourceTree = BUILT_PRODUCTS_DIR; };
		889F3EED1A2FB4A200260595 /* Info.plist */ = {isa = PBXFileReference; lastKnownFileType = text.plist.xml; path = Info.plist; sourceTree = "<group>"; };
		889F3EEE1A2FB4A200260595 /* PostCardTests.swift */ = {isa = PBXFileReference; lastKnownFileType = sourcecode.swift; path = PostCardTests.swift; sourceTree = "<group>"; };
		889F3EFC1A31092200260595 /* StateSelector.swift */ = {isa = PBXFileReference; fileEncoding = 4; lastKnownFileType = sourcecode.swift; path = StateSelector.swift; sourceTree = "<group>"; };
/* End PBXFileReference section */

/* Begin PBXFrameworksBuildPhase section */
		889F3ED31A2FB4A200260595 /* Frameworks */ = {
			isa = PBXFrameworksBuildPhase;
			buildActionMask = 2147483647;
			files = (
			);
			runOnlyForDeploymentPostprocessing = 0;
		};
		889F3EE51A2FB4A200260595 /* Frameworks */ = {
			isa = PBXFrameworksBuildPhase;
			buildActionMask = 2147483647;
			files = (
			);
			runOnlyForDeploymentPostprocessing = 0;
		};
/* End PBXFrameworksBuildPhase section */

/* Begin PBXGroup section */
		889F3ECD1A2FB4A100260595 = {
			isa = PBXGroup;
			children = (
				889F3ED81A2FB4A200260595 /* PostCard */,
				889F3EEB1A2FB4A200260595 /* PostCardTests */,
				889F3ED71A2FB4A200260595 /* Products */,
			);
			sourceTree = "<group>";
		};
		889F3ED71A2FB4A200260595 /* Products */ = {
			isa = PBXGroup;
			children = (
				889F3ED61A2FB4A200260595 /* PostCard.app */,
				889F3EE81A2FB4A200260595 /* PostCardTests.xctest */,
			);
			name = Products;
			sourceTree = "<group>";
		};
		889F3ED81A2FB4A200260595 /* PostCard */ = {
			isa = PBXGroup;
			children = (
				889F3EDB1A2FB4A200260595 /* AppDelegate.swift */,
				889F3EDD1A2FB4A200260595 /* ViewController.swift */,
				889F3EDF1A2FB4A200260595 /* Main.storyboard */,
				889F3EE21A2FB4A200260595 /* Images.xcassets */,
				889F3ED91A2FB4A200260595 /* Supporting Files */,
				889F3EFC1A31092200260595 /* StateSelector.swift */,
			);
			path = PostCard;
			sourceTree = "<group>";
		};
		889F3ED91A2FB4A200260595 /* Supporting Files */ = {
			isa = PBXGroup;
			children = (
				889F3EDA1A2FB4A200260595 /* Info.plist */,
			);
			name = "Supporting Files";
			sourceTree = "<group>";
		};
		889F3EEB1A2FB4A200260595 /* PostCardTests */ = {
			isa = PBXGroup;
			children = (
				889F3EEE1A2FB4A200260595 /* PostCardTests.swift */,
				889F3EEC1A2FB4A200260595 /* Supporting Files */,
			);
			path = PostCardTests;
			sourceTree = "<group>";
		};
		889F3EEC1A2FB4A200260595 /* Supporting Files */ = {
			isa = PBXGroup;
			children = (
				889F3EED1A2FB4A200260595 /* Info.plist */,
			);
			name = "Supporting Files";
			sourceTree = "<group>";
		};
/* End PBXGroup section */

/* Begin PBXNativeTarget section */
		889F3ED51A2FB4A200260595 /* PostCard */ = {
			isa = PBXNativeTarget;
			buildConfigurationList = 889F3EF21A2FB4A200260595 /* Build configuration list for PBXNativeTarget "PostCard" */;
			buildPhases = (
				889F3ED21A2FB4A200260595 /* Sources */,
				889F3ED31A2FB4A200260595 /* Frameworks */,
				889F3ED41A2FB4A200260595 /* Resources */,
			);
			buildRules = (
			);
			dependencies = (
			);
			name = PostCard;
			productName = PostCard;
			productReference = 889F3ED61A2FB4A200260595 /* PostCard.app */;
			productType = "com.apple.product-type.application";
		};
		889F3EE71A2FB4A200260595 /* PostCardTests */ = {
			isa = PBXNativeTarget;
			buildConfigurationList = 889F3EF51A2FB4A200260595 /* Build configuration list for PBXNativeTarget "PostCardTests" */;
			buildPhases = (
				889F3EE41A2FB4A200260595 /* Sources */,
				889F3EE51A2FB4A200260595 /* Frameworks */,
				889F3EE61A2FB4A200260595 /* Resources */,
			);
			buildRules = (
			);
			dependencies = (
				889F3EEA1A2FB4A200260595 /* PBXTargetDependency */,
			);
			name = PostCardTests;
			productName = PostCardTests;
			productReference = 889F3EE81A2FB4A200260595 /* PostCardTests.xctest */;
			productType = "com.apple.product-type.bundle.unit-test";
		};
/* End PBXNativeTarget section */

/* Begin PBXProject section */
		889F3ECE1A2FB4A100260595 /* Project object */ = {
			isa = PBXProject;
			attributes = {
				LastUpgradeCheck = 0600;
				ORGANIZATIONNAME = "Utah State University";
				TargetAttributes = {
					889F3ED51A2FB4A200260595 = {
						CreatedOnToolsVersion = 6.0;
					};
					889F3EE71A2FB4A200260595 = {
						CreatedOnToolsVersion = 6.0;
						TestTargetID = 889F3ED51A2FB4A200260595;
					};
				};
			};
			buildConfigurationList = 889F3ED11A2FB4A100260595 /* Build configuration list for PBXProject "PostCard" */;
			compatibilityVersion = "Xcode 3.2";
			developmentRegion = English;
			hasScannedForEncodings = 0;
			knownRegions = (
				en,
				Base,
			);
			mainGroup = 889F3ECD1A2FB4A100260595;
			productRefGroup = 889F3ED71A2FB4A200260595 /* Products */;
			projectDirPath = "";
			projectRoot = "";
			targets = (
				889F3ED51A2FB4A200260595 /* PostCard */,
				889F3EE71A2FB4A200260595 /* PostCardTests */,
			);
		};
/* End PBXProject section */

/* Begin PBXResourcesBuildPhase section */
		889F3ED41A2FB4A200260595 /* Resources */ = {
			isa = PBXResourcesBuildPhase;
			buildActionMask = 2147483647;
			files = (
				889F3EE11A2FB4A200260595 /* Main.storyboard in Resources */,
				889F3EE31A2FB4A200260595 /* Images.xcassets in Resources */,
			);
			runOnlyForDeploymentPostprocessing = 0;
		};
		889F3EE61A2FB4A200260595 /* Resources */ = {
			isa = PBXResourcesBuildPhase;
			buildActionMask = 2147483647;
			files = (
			);
			runOnlyForDeploymentPostprocessing = 0;
		};
/* End PBXResourcesBuildPhase section */

/* Begin PBXSourcesBuildPhase section */
		889F3ED21A2FB4A200260595 /* Sources */ = {
			isa = PBXSourcesBuildPhase;
			buildActionMask = 2147483647;
			files = (
				889F3EDE1A2FB4A200260595 /* ViewController.swift in Sources */,
				889F3EFD1A31092200260595 /* StateSelector.swift in Sources */,
				889F3EDC1A2FB4A200260595 /* AppDelegate.swift in Sources */,
			);
			runOnlyForDeploymentPostprocessing = 0;
		};
		889F3EE41A2FB4A200260595 /* Sources */ = {
			isa = PBXSourcesBuildPhase;
			buildActionMask = 2147483647;
			files = (
				889F3EEF1A2FB4A200260595 /* PostCardTests.swift in Sources */,
			);
			runOnlyForDeploymentPostprocessing = 0;
		};
/* End PBXSourcesBuildPhase section */

/* Begin PBXTargetDependency section */
		889F3EEA1A2FB4A200260595 /* PBXTargetDependency */ = {
			isa = PBXTargetDependency;
			target = 889F3ED51A2FB4A200260595 /* PostCard */;
			targetProxy = 889F3EE91A2FB4A200260595 /* PBXContainerItemProxy */;
		};
/* End PBXTargetDependency section */

/* Begin PBXVariantGroup section */
		889F3EDF1A2FB4A200260595 /* Main.storyboard */ = {
			isa = PBXVariantGroup;
			children = (
				889F3EE01A2FB4A200260595 /* Base */,
			);
			name = Main.storyboard;
			sourceTree = "<group>";
		};
/* End PBXVariantGroup section */

/* Begin XCBuildConfiguration section */
		889F3EF01A2FB4A200260595 /* Debug */ = {
			isa = XCBuildConfiguration;
			buildSettings = {
				ALWAYS_SEARCH_USER_PATHS = NO;
				CLANG_CXX_LANGUAGE_STANDARD = "gnu++0x";
				CLANG_CXX_LIBRARY = "libc++";
				CLANG_ENABLE_MODULES = YES;
				CLANG_ENABLE_OBJC_ARC = YES;
				CLANG_WARN_BOOL_CONVERSION = YES;
				CLANG_WARN_CONSTANT_CONVERSION = YES;
				CLANG_WARN_DIRECT_OBJC_ISA_USAGE = YES_ERROR;
				CLANG_WARN_EMPTY_BODY = YES;
				CLANG_WARN_ENUM_CONVERSION = YES;
				CLANG_WARN_INT_CONVERSION = YES;
				CLANG_WARN_OBJC_ROOT_CLASS = YES_ERROR;
				CLANG_WARN_UNREACHABLE_CODE = YES;
				CLANG_WARN__DUPLICATE_METHOD_MATCH = YES;
				"CODE_SIGN_IDENTITY[sdk=iphoneos*]" = "iPhone Developer";
				COPY_PHASE_STRIP = NO;
				ENABLE_STRICT_OBJC_MSGSEND = YES;
				GCC_C_LANGUAGE_STANDARD = gnu99;
				GCC_DYNAMIC_NO_PIC = NO;
				GCC_OPTIMIZATION_LEVEL = 0;
				GCC_PREPROCESSOR_DEFINITIONS = (
					"DEBUG=1",
					"$(inherited)",
				);
				GCC_SYMBOLS_PRIVATE_EXTERN = NO;
				GCC_WARN_64_TO_32_BIT_CONVERSION = YES;
				GCC_WARN_ABOUT_RETURN_TYPE = YES_ERROR;
				GCC_WARN_UNDECLARED_SELECTOR = YES;
				GCC_WARN_UNINITIALIZED_AUTOS = YES_AGGRESSIVE;
				GCC_WARN_UNUSED_FUNCTION = YES;
				GCC_WARN_UNUSED_VARIABLE = YES;
				IPHONEOS_DEPLOYMENT_TARGET = 8.0;
				MTL_ENABLE_DEBUG_INFO = YES;
				ONLY_ACTIVE_ARCH = YES;
				SDKROOT = iphoneos;
				SWIFT_OPTIMIZATION_LEVEL = "-Onone";
				TARGETED_DEVICE_FAMILY = "1,2";
			};
			name = Debug;
		};
		889F3EF11A2FB4A200260595 /* Release */ = {
			isa = XCBuildConfiguration;
			buildSettings = {
				ALWAYS_SEARCH_USER_PATHS = NO;
				CLANG_CXX_LANGUAGE_STANDARD = "gnu++0x";
				CLANG_CXX_LIBRARY = "libc++";
				CLANG_ENABLE_MODULES = YES;
				CLANG_ENABLE_OBJC_ARC = YES;
				CLANG_WARN_BOOL_CONVERSION = YES;
				CLANG_WARN_CONSTANT_CONVERSION = YES;
				CLANG_WARN_DIRECT_OBJC_ISA_USAGE = YES_ERROR;
				CLANG_WARN_EMPTY_BODY = YES;
				CLANG_WARN_ENUM_CONVERSION = YES;
				CLANG_WARN_INT_CONVERSION = YES;
				CLANG_WARN_OBJC_ROOT_CLASS = YES_ERROR;
				CLANG_WARN_UNREACHABLE_CODE = YES;
				CLANG_WARN__DUPLICATE_METHOD_MATCH = YES;
				"CODE_SIGN_IDENTITY[sdk=iphoneos*]" = "iPhone Developer";
				COPY_PHASE_STRIP = YES;
				ENABLE_NS_ASSERTIONS = NO;
				ENABLE_STRICT_OBJC_MSGSEND = YES;
				GCC_C_LANGUAGE_STANDARD = gnu99;
				GCC_WARN_64_TO_32_BIT_CONVERSION = YES;
				GCC_WARN_ABOUT_RETURN_TYPE = YES_ERROR;
				GCC_WARN_UNDECLARED_SELECTOR = YES;
				GCC_WARN_UNINITIALIZED_AUTOS = YES_AGGRESSIVE;
				GCC_WARN_UNUSED_FUNCTION = YES;
				GCC_WARN_UNUSED_VARIABLE = YES;
				IPHONEOS_DEPLOYMENT_TARGET = 8.0;
				MTL_ENABLE_DEBUG_INFO = NO;
				SDKROOT = iphoneos;
				TARGETED_DEVICE_FAMILY = "1,2";
				VALIDATE_PRODUCT = YES;
			};
			name = Release;
		};
		889F3EF31A2FB4A200260595 /* Debug */ = {
			isa = XCBuildConfiguration;
			buildSettings = {
				ASSETCATALOG_COMPILER_APPICON_NAME = AppIcon;
				ASSETCATALOG_COMPILER_LAUNCHIMAGE_NAME = LaunchImage;
				INFOPLIST_FILE = PostCard/Info.plist;
				LD_RUNPATH_SEARCH_PATHS = "$(inherited) @executable_path/Frameworks";
				PRODUCT_NAME = "$(TARGET_NAME)";
			};
			name = Debug;
		};
		889F3EF41A2FB4A200260595 /* Release */ = {
			isa = XCBuildConfiguration;
			buildSettings = {
				ASSETCATALOG_COMPILER_APPICON_NAME = AppIcon;
				ASSETCATALOG_COMPILER_LAUNCHIMAGE_NAME = LaunchImage;
				INFOPLIST_FILE = PostCard/Info.plist;
				LD_RUNPATH_SEARCH_PATHS = "$(inherited) @executable_path/Frameworks";
				PRODUCT_NAME = "$(TARGET_NAME)";
			};
			name = Release;
		};
		889F3EF61A2FB4A200260595 /* Debug */ = {
			isa = XCBuildConfiguration;
			buildSettings = {
				BUNDLE_LOADER = "$(TEST_HOST)";
				FRAMEWORK_SEARCH_PATHS = (
					"$(SDKROOT)/Developer/Library/Frameworks",
					"$(inherited)",
				);
				GCC_PREPROCESSOR_DEFINITIONS = (
					"DEBUG=1",
					"$(inherited)",
				);
				INFOPLIST_FILE = PostCardTests/Info.plist;
				LD_RUNPATH_SEARCH_PATHS = "$(inherited) @executable_path/Frameworks @loader_path/Frameworks";
				PRODUCT_NAME = "$(TARGET_NAME)";
				TEST_HOST = "$(BUILT_PRODUCTS_DIR)/PostCard.app/PostCard";
			};
			name = Debug;
		};
		889F3EF71A2FB4A200260595 /* Release */ = {
			isa = XCBuildConfiguration;
			buildSettings = {
				BUNDLE_LOADER = "$(TEST_HOST)";
				FRAMEWORK_SEARCH_PATHS = (
					"$(SDKROOT)/Developer/Library/Frameworks",
					"$(inherited)",
				);
				INFOPLIST_FILE = PostCardTests/Info.plist;
				LD_RUNPATH_SEARCH_PATHS = "$(inherited) @executable_path/Frameworks @loader_path/Frameworks";
				PRODUCT_NAME = "$(TARGET_NAME)";
				TEST_HOST = "$(BUILT_PRODUCTS_DIR)/PostCard.app/PostCard";
			};
			name = Release;
		};
/* End XCBuildConfiguration section */

/* Begin XCConfigurationList section */
		889F3ED11A2FB4A100260595 /* Build configuration list for PBXProject "PostCard" */ = {
			isa = XCConfigurationList;
			buildConfigurations = (
				889F3EF01A2FB4A200260595 /* Debug */,
				889F3EF11A2FB4A200260595 /* Release */,
			);
			defaultConfigurationIsVisible = 0;
			defaultConfigurationName = Release;
		};
		889F3EF21A2FB4A200260595 /* Build configuration list for PBXNativeTarget "PostCard" */ = {
			isa = XCConfigurationList;
			buildConfigurations = (
				889F3EF31A2FB4A200260595 /* Debug */,
				889F3EF41A2FB4A200260595 /* Release */,
			);
			defaultConfigurationIsVisible = 0;
		};
		889F3EF51A2FB4A200260595 /* Build configuration list for PBXNativeTarget "PostCardTests" */ = {
			isa = XCConfigurationList;
			buildConfigurations = (
				889F3EF61A2FB4A200260595 /* Debug */,
				889F3EF71A2FB4A200260595 /* Release */,
			);
			defaultConfigurationIsVisible = 0;
		};
/* End XCConfigurationList section */
	};
	rootObject = 889F3ECE1A2FB4A100260595 /* Project object */;
}
